
Microsoft Visual Studio Solution File, Format Version 12.00
# Visual Studio Version 17
VisualStudioVersion = 17.3.32505.426
MinimumVisualStudioVersion = 10.0.40219.1
Project("{9A19103F-16F7-4668-BE54-9A1E7A4F7556}") = "NumbersRangeFileGenerator", "NumbersRangeFileGenerator\NumbersRangeFileGenerator.csproj", "{903C0FD7-D92B-4F0F-9B2C-E4BF48403D31}"
EndProject
Project("{9A19103F-16F7-4668-BE54-9A1E7A4F7556}") = "WordsAdd", "WordsAdd\WordsAdd.csproj", "{960EC689-70E0-4724-A531-5DA884BE7AFC}"
EndProject
Project("{9A19103F-16F7-4668-BE54-9A1E7A4F7556}") = "StringBuilderContains", "StringBuilderContains\StringBuilderContains.csproj", "{5508AC20-E130-43E7-9F48-76BF3598208A}"
EndProject
Project("{FAE04EC0-301F-11D3-BF4B-00C04F79EFBC}") = "SudokuSolver", "SudokuSolver\SudokuSolver.csproj", "{B78829B7-21F3-4609-8E13-AB9E67A79E4B}"
EndProject
Project("{FAE04EC0-301F-11D3-BF4B-00C04F79EFBC}") = "Hanoi", "Hanoi\Hanoi.csproj", "{184E0A69-EB68-4C6E-9E6A-E2524CE81FBD}"
EndProject
Global
	GlobalSection(SolutionConfigurationPlatforms) = preSolution
		Debug|Any CPU = Debug|Any CPU
		Release|Any CPU = Release|Any CPU
	EndGlobalSection
	GlobalSection(ProjectConfigurationPlatforms) = postSolution
		{903C0FD7-D92B-4F0F-9B2C-E4BF48403D31}.Debug|Any CPU.ActiveCfg = Debug|Any CPU
		{903C0FD7-D92B-4F0F-9B2C-E4BF48403D31}.Debug|Any CPU.Build.0 = Debug|Any CPU
		{903C0FD7-D92B-4F0F-9B2C-E4BF48403D31}.Release|Any CPU.ActiveCfg = Release|Any CPU
		{903C0FD7-D92B-4F0F-9B2C-E4BF48403D31}.Release|Any CPU.Build.0 = Release|Any CPU
		{960EC689-70E0-4724-A531-5DA884BE7AFC}.Debug|Any CPU.ActiveCfg = Debug|Any CPU
		{960EC689-70E0-4724-A531-5DA884BE7AFC}.Debug|Any CPU.Build.0 = Debug|Any CPU
		{960EC689-70E0-4724-A531-5DA884BE7AFC}.Release|Any CPU.ActiveCfg = Release|Any CPU
		{960EC689-70E0-4724-A531-5DA884BE7AFC}.Release|Any CPU.Build.0 = Release|Any CPU
		{5508AC20-E130-43E7-9F48-76BF3598208A}.Debug|Any CPU.ActiveCfg = Debug|Any CPU
		{5508AC20-E130-43E7-9F48-76BF3598208A}.Debug|Any CPU.Build.0 = Debug|Any CPU
		{5508AC20-E130-43E7-9F48-76BF3598208A}.Release|Any CPU.ActiveCfg = Release|Any CPU
		{5508AC20-E130-43E7-9F48-76BF3598208A}.Release|Any CPU.Build.0 = Release|Any CPU
		{B78829B7-21F3-4609-8E13-AB9E67A79E4B}.Debug|Any CPU.ActiveCfg = Debug|Any CPU
		{B78829B7-21F3-4609-8E13-AB9E67A79E4B}.Debug|Any CPU.Build.0 = Debug|Any CPU
		{B78829B7-21F3-4609-8E13-AB9E67A79E4B}.Release|Any CPU.ActiveCfg = Release|Any CPU
		{B78829B7-21F3-4609-8E13-AB9E67A79E4B}.Release|Any CPU.Build.0 = Release|Any CPU
		{184E0A69-EB68-4C6E-9E6A-E2524CE81FBD}.Debug|Any CPU.ActiveCfg = Debug|Any CPU
		{184E0A69-EB68-4C6E-9E6A-E2524CE81FBD}.Debug|Any CPU.Build.0 = Debug|Any CPU
		{184E0A69-EB68-4C6E-9E6A-E2524CE81FBD}.Release|Any CPU.ActiveCfg = Release|Any CPU
		{184E0A69-EB68-4C6E-9E6A-E2524CE81FBD}.Release|Any CPU.Build.0 = Release|Any CPU
	EndGlobalSection
	GlobalSection(SolutionProperties) = preSolution
		HideSolutionNode = FALSE
	EndGlobalSection
	GlobalSection(ExtensibilityGlobals) = postSolution
		SolutionGuid = {F1E4599E-516A-488F-BD25-C1187C640EB0}
	EndGlobalSection
EndGlobal
